PODS:
  - KeychainSwift (3.0.16)
  - NMSSH (2.2.5)

DEPENDENCIES:
  - KeychainSwift (~> 3.0)
  - NMSSH (~> 2.2.5)

SPEC CHECKSUMS:
  KeychainSwift: a5bb85cd498ce2217b55e055ec59e9268d83384c
  NMSSH: 8643df89d73b9a3e398a5a5971f6ea4bb1179ea7

PODFILE CHECKSUM: 8b4058a5f0d306c47df74f6280d659e200dc092a

COCOAPODS: 1.0.0
