// !$*UTF8*$!
{
	archiveVersion = 1;
	classes = {
	};
	objectVersion = 46;
	objects = {

/* Begin PBXBuildFile section */
		8517965C1CE23B5300039288 /* AppDelegate.swift in Sources */ = {isa = PBXBuildFile; fileRef = 8517965B1CE23B5300039288 /* AppDelegate.swift */; };
		8517965E1CE23B5300039288 /* ViewController.swift in Sources */ = {isa = PBXBuildFile; fileRef = 8517965D1CE23B5300039288 /* ViewController.swift */; };
		851796611CE23B5300039288 /* Main.storyboard in Resources */ = {isa = PBXBuildFile; fileRef = 8517965F1CE23B5300039288 /* Main.storyboard */; };
		851796631CE23B5300039288 /* Assets.xcassets in Resources */ = {isa = PBXBuildFile; fileRef = 851796621CE23B5300039288 /* Assets.xcassets */; };
		851796661CE23B5300039288 /* LaunchScreen.storyboard in Resources */ = {isa = PBXBuildFile; fileRef = 851796641CE23B5300039288 /* LaunchScreen.storyboard */; };
/* End PBXBuildFile section */

/* Begin PBXFileReference section */
		851796581CE23B5300039288 /* imbk.app */ = {isa = PBXFileReference; explicitFileType = wrapper.application; includeInIndex = 0; path = imbk.app; sourceTree = BUILT_PRODUCTS_DIR; };
		8517965B1CE23B5300039288 /* AppDelegate.swift */ = {isa = PBXFileReference; lastKnownFileType = sourcecode.swift; path = AppDelegate.swift; sourceTree = "<group>"; };
		8517965D1CE23B5300039288 /* ViewController.swift */ = {isa = PBXFileReference; lastKnownFileType = sourcecode.swift; path = ViewController.swift; sourceTree = "<group>"; };
		851796601CE23B5300039288 /* Base */ = {isa = PBXFileReference; lastKnownFileType = file.storyboard; name = Base; path = Base.lproj/Main.storyboard; sourceTree = "<group>"; };
		851796621CE23B5300039288 /* Assets.xcassets */ = {isa = PBXFileReference; lastKnownFileType = folder.assetcatalog; path = Assets.xcassets; sourceTree = "<group>"; };
		851796651CE23B5300039288 /* Base */ = {isa = PBXFileReference; lastKnownFileType = file.storyboard; name = Base; path = Base.lproj/LaunchScreen.storyboard; sourceTree = "<group>"; };
		851796671CE23B5300039288 /* Info.plist */ = {isa = PBXFileReference; lastKnownFileType = text.plist.xml; path = Info.plist; sourceTree = "<group>"; };
/* End PBXFileReference section */

/* Begin PBXFrameworksBuildPhase section */
		851796551CE23B5300039288 /* Frameworks */ = {
			isa = PBXFrameworksBuildPhase;
			buildActionMask = 2147483647;
			files = (
			);
			runOnlyForDeploymentPostprocessing = 0;
		};
/* End PBXFrameworksBuildPhase section */

/* Begin PBXGroup section */
		8517964F1CE23B5300039288 = {
			isa = PBXGroup;
			children = (
				8517965A1CE23B5300039288 /* imbk */,
				851796591CE23B5300039288 /* Products */,
			);
			sourceTree = "<group>";
		};
		851796591CE23B5300039288 /* Products */ = {
			isa = PBXGroup;
			children = (
				851796581CE23B5300039288 /* imbk.app */,
			);
			name = Products;
			sourceTree = "<group>";
		};
		8517965A1CE23B5300039288 /* imbk */ = {
			isa = PBXGroup;
			children = (
				8517965B1CE23B5300039288 /* AppDelegate.swift */,
				8517965D1CE23B5300039288 /* ViewController.swift */,
				8517965F1CE23B5300039288 /* Main.storyboard */,
				851796621CE23B5300039288 /* Assets.xcassets */,
				851796641CE23B5300039288 /* LaunchScreen.storyboard */,
				851796671CE23B5300039288 /* Info.plist */,
			);
			path = imbk;
			sourceTree = "<group>";
		};
/* End PBXGroup section */

/* Begin PBXNativeTarget section */
		851796571CE23B5300039288 /* imbk */ = {
			isa = PBXNativeTarget;
			buildConfigurationList = 8517966A1CE23B5300039288 /* Build configuration list for PBXNativeTarget "imbk" */;
			buildPhases = (
				851796541CE23B5300039288 /* Sources */,
				851796551CE23B5300039288 /* Frameworks */,
				851796561CE23B5300039288 /* Resources */,
			);
			buildRules = (
			);
			dependencies = (
			);
			name = imbk;
			productName = imbk;
			productReference = 851796581CE23B5300039288 /* imbk.app */;
			productType = "com.apple.product-type.application";
		};
/* End PBXNativeTarget section */

/* Begin PBXProject section */
		851796501CE23B5300039288 /* Project object */ = {
			isa = PBXProject;
			attributes = {
				LastSwiftUpdateCheck = 0720;
				LastUpgradeCheck = 0720;
				ORGANIZATIONNAME = "Andrew Ferrier";
				TargetAttributes = {
					851796571CE23B5300039288 = {
						CreatedOnToolsVersion = 7.2.1;
					};
				};
			};
			buildConfigurationList = 851796531CE23B5300039288 /* Build configuration list for PBXProject "imbk" */;
			compatibilityVersion = "Xcode 3.2";
			developmentRegion = English;
			hasScannedForEncodings = 0;
			knownRegions = (
				en,
				Base,
			);
			mainGroup = 8517964F1CE23B5300039288;
			productRefGroup = 851796591CE23B5300039288 /* Products */;
			projectDirPath = "";
			projectRoot = "";
			targets = (
				851796571CE23B5300039288 /* imbk */,
			);
		};
/* End PBXProject section */

/* Begin PBXResourcesBuildPhase section */
		851796561CE23B5300039288 /* Resources */ = {
			isa = PBXResourcesBuildPhase;
			buildActionMask = 2147483647;
			files = (
				851796661CE23B5300039288 /* LaunchScreen.storyboard in Resources */,
				851796631CE23B5300039288 /* Assets.xcassets in Resources */,
				851796611CE23B5300039288 /* Main.storyboard in Resources */,
			);
			runOnlyForDeploymentPostprocessing = 0;
		};
/* End PBXResourcesBuildPhase section */

/* Begin PBXSourcesBuildPhase section */
		851796541CE23B5300039288 /* Sources */ = {
			isa = PBXSourcesBuildPhase;
			buildActionMask = 2147483647;
			files = (
				8517965E1CE23B5300039288 /* ViewController.swift in Sources */,
				8517965C1CE23B5300039288 /* AppDelegate.swift in Sources */,
			);
			runOnlyForDeploymentPostprocessing = 0;
		};
/* End PBXSourcesBuildPhase section */

/* Begin PBXVariantGroup section */
		8517965F1CE23B5300039288 /* Main.storyboard */ = {
			isa = PBXVariantGroup;
			children = (
				851796601CE23B5300039288 /* Base */,
			);
			name = Main.storyboard;
			sourceTree = "<group>";
		};
		851796641CE23B5300039288 /* LaunchScreen.storyboard */ = {
			isa = PBXVariantGroup;
			children = (
				851796651CE23B5300039288 /* Base */,
			);
			name = LaunchScreen.storyboard;
			sourceTree = "<group>";
		};
/* End PBXVariantGroup section */

/* Begin XCBuildConfiguration section */
		851796681CE23B5300039288 /* Debug */ = {
			isa = XCBuildConfiguration;
			buildSettings = {
				ALWAYS_SEARCH_USER_PATHS = NO;
				CLANG_CXX_LANGUAGE_STANDARD = "gnu++0x";
				CLANG_CXX_LIBRARY = "libc++";
				CLANG_ENABLE_MODULES = YES;
				CLANG_ENABLE_OBJC_ARC = YES;
				CLANG_WARN_BOOL_CONVERSION = YES;
				CLANG_WARN_CONSTANT_CONVERSION = YES;
				CLANG_WARN_DIRECT_OBJC_ISA_USAGE = YES_ERROR;
				CLANG_WARN_EMPTY_BODY = YES;
				CLANG_WARN_ENUM_CONVERSION = YES;
				CLANG_WARN_INT_CONVERSION = YES;
				CLANG_WARN_OBJC_ROOT_CLASS = YES_ERROR;
				CLANG_WARN_UNREACHABLE_CODE = YES;
				CLANG_WARN__DUPLICATE_METHOD_MATCH = YES;
				"CODE_SIGN_IDENTITY[sdk=iphoneos*]" = "iPhone Developer";
				COPY_PHASE_STRIP = NO;
				DEBUG_INFORMATION_FORMAT = dwarf;
				ENABLE_STRICT_OBJC_MSGSEND = YES;
				ENABLE_TESTABILITY = YES;
				GCC_C_LANGUAGE_STANDARD = gnu99;
				GCC_DYNAMIC_NO_PIC = NO;
				GCC_NO_COMMON_BLOCKS = YES;
				GCC_OPTIMIZATION_LEVEL = 0;
				GCC_PREPROCESSOR_DEFINITIONS = (
					"DEBUG=1",
					"$(inherited)",
				);
				GCC_WARN_64_TO_32_BIT_CONVERSION = YES;
				GCC_WARN_ABOUT_RETURN_TYPE = YES_ERROR;
				GCC_WARN_UNDECLARED_SELECTOR = YES;
				GCC_WARN_UNINITIALIZED_AUTOS = YES_AGGRESSIVE;
				GCC_WARN_UNUSED_FUNCTION = YES;
				GCC_WARN_UNUSED_VARIABLE = YES;
				IPHONEOS_DEPLOYMENT_TARGET = 9.2;
				MTL_ENABLE_DEBUG_INFO = YES;
				ONLY_ACTIVE_ARCH = YES;
				SDKROOT = iphoneos;
				SWIFT_OPTIMIZATION_LEVEL = "-Onone";
				TARGETED_DEVICE_FAMILY = "1,2";
			};
			name = Debug;
		};
		851796691CE23B5300039288 /* Release */ = {
			isa = XCBuildConfiguration;
			buildSettings = {
				ALWAYS_SEARCH_USER_PATHS = NO;
				CLANG_CXX_LANGUAGE_STANDARD = "gnu++0x";
				CLANG_CXX_LIBRARY = "libc++";
				CLANG_ENABLE_MODULES = YES;
				CLANG_ENABLE_OBJC_ARC = YES;
				CLANG_WARN_BOOL_CONVERSION = YES;
				CLANG_WARN_CONSTANT_CONVERSION = YES;
				CLANG_WARN_DIRECT_OBJC_ISA_USAGE = YES_ERROR;
				CLANG_WARN_EMPTY_BODY = YES;
				CLANG_WARN_ENUM_CONVERSION = YES;
				CLANG_WARN_INT_CONVERSION = YES;
				CLANG_WARN_OBJC_ROOT_CLASS = YES_ERROR;
				CLANG_WARN_UNREACHABLE_CODE = YES;
				CLANG_WARN__DUPLICATE_METHOD_MATCH = YES;
				"CODE_SIGN_IDENTITY[sdk=iphoneos*]" = "iPhone Developer";
				COPY_PHASE_STRIP = NO;
				DEBUG_INFORMATION_FORMAT = "dwarf-with-dsym";
				ENABLE_NS_ASSERTIONS = NO;
				ENABLE_STRICT_OBJC_MSGSEND = YES;
				GCC_C_LANGUAGE_STANDARD = gnu99;
				GCC_NO_COMMON_BLOCKS = YES;
				GCC_WARN_64_TO_32_BIT_CONVERSION = YES;
				GCC_WARN_ABOUT_RETURN_TYPE = YES_ERROR;
				GCC_WARN_UNDECLARED_SELECTOR = YES;
				GCC_WARN_UNINITIALIZED_AUTOS = YES_AGGRESSIVE;
				GCC_WARN_UNUSED_FUNCTION = YES;
				GCC_WARN_UNUSED_VARIABLE = YES;
				IPHONEOS_DEPLOYMENT_TARGET = 9.2;
				MTL_ENABLE_DEBUG_INFO = NO;
				SDKROOT = iphoneos;
				TARGETED_DEVICE_FAMILY = "1,2";
				VALIDATE_PRODUCT = YES;
			};
			name = Release;
		};
		8517966B1CE23B5300039288 /* Debug */ = {
			isa = XCBuildConfiguration;
			buildSettings = {
				ASSETCATALOG_COMPILER_APPICON_NAME = AppIcon;
				INFOPLIST_FILE = imbk/Info.plist;
				LD_RUNPATH_SEARCH_PATHS = "$(inherited) @executable_path/Frameworks";
				PRODUCT_BUNDLE_IDENTIFIER = com.andrewferrier.imbk.imbk;
				PRODUCT_NAME = "$(TARGET_NAME)";
			};
			name = Debug;
		};
		8517966C1CE23B5300039288 /* Release */ = {
			isa = XCBuildConfiguration;
			buildSettings = {
				ASSETCATALOG_COMPILER_APPICON_NAME = AppIcon;
				INFOPLIST_FILE = imbk/Info.plist;
				LD_RUNPATH_SEARCH_PATHS = "$(inherited) @executable_path/Frameworks";
				PRODUCT_BUNDLE_IDENTIFIER = com.andrewferrier.imbk.imbk;
				PRODUCT_NAME = "$(TARGET_NAME)";
			};
			name = Release;
		};
/* End XCBuildConfiguration section */

/* Begin XCConfigurationList section */
		851796531CE23B5300039288 /* Build configuration list for PBXProject "imbk" */ = {
			isa = XCConfigurationList;
			buildConfigurations = (
				851796681CE23B5300039288 /* Debug */,
				851796691CE23B5300039288 /* Release */,
			);
			defaultConfigurationIsVisible = 0;
			defaultConfigurationName = Release;
		};
		8517966A1CE23B5300039288 /* Build configuration list for PBXNativeTarget "imbk" */ = {
			isa = XCConfigurationList;
			buildConfigurations = (
				8517966B1CE23B5300039288 /* Debug */,
				8517966C1CE23B5300039288 /* Release */,
			);
			defaultConfigurationIsVisible = 0;
		};
/* End XCConfigurationList section */
	};
	rootObject = 851796501CE23B5300039288 /* Project object */;
}
